
Microsoft Visual Studio Solution File, Format Version 12.00
# Visual Studio 15
VisualStudioVersion = 15.0.28307.168
MinimumVisualStudioVersion = 10.0.40219.1
Project("{9A19103F-16F7-4668-BE54-9A1E7A4F7556}") = "Assessment1", "Assessment1\Assessment1.csproj", "{458FA303-E6E9-412E-8F1A-5F905CEBAB71}"
EndProject
Project("{FAE04EC0-301F-11D3-BF4B-00C04F79EFBC}") = "Problem2", "Problem2\Problem2.csproj", "{887AAE28-B3A2-4545-8871-3C053FE80C4C}"
EndProject
Global
	GlobalSection(SolutionConfigurationPlatforms) = preSolution
		Debug|Any CPU = Debug|Any CPU
		Release|Any CPU = Release|Any CPU
	EndGlobalSection
	GlobalSection(ProjectConfigurationPlatforms) = postSolution
		{458FA303-E6E9-412E-8F1A-5F905CEBAB71}.Debug|Any CPU.ActiveCfg = Debug|Any CPU
		{458FA303-E6E9-412E-8F1A-5F905CEBAB71}.Debug|Any CPU.Build.0 = Debug|Any CPU
		{458FA303-E6E9-412E-8F1A-5F905CEBAB71}.Release|Any CPU.ActiveCfg = Release|Any CPU
		{458FA303-E6E9-412E-8F1A-5F905CEBAB71}.Release|Any CPU.Build.0 = Release|Any CPU
		{887AAE28-B3A2-4545-8871-3C053FE80C4C}.Debug|Any CPU.ActiveCfg = Debug|Any CPU
		{887AAE28-B3A2-4545-8871-3C053FE80C4C}.Debug|Any CPU.Build.0 = Debug|Any CPU
		{887AAE28-B3A2-4545-8871-3C053FE80C4C}.Release|Any CPU.ActiveCfg = Release|Any CPU
		{887AAE28-B3A2-4545-8871-3C053FE80C4C}.Release|Any CPU.Build.0 = Release|Any CPU
	EndGlobalSection
	GlobalSection(SolutionProperties) = preSolution
		HideSolutionNode = FALSE
	EndGlobalSection
	GlobalSection(ExtensibilityGlobals) = postSolution
		SolutionGuid = {53E65A1A-D3F5-486B-9490-FDBBE6A0D0B6}
	EndGlobalSection
EndGlobal
